// !$*UTF8*$!
{
	archiveVersion = 1;
	classes = {
	};
	objectVersion = 50;
	objects = {

/* Begin PBXBuildFile section */
		01A89254248110E6008D1A05 /* AppDelegate.swift in Sources */ = {isa = PBXBuildFile; fileRef = 01A89253248110E6008D1A05 /* AppDelegate.swift */; };
		01A89256248110E6008D1A05 /* SceneDelegate.swift in Sources */ = {isa = PBXBuildFile; fileRef = 01A89255248110E6008D1A05 /* SceneDelegate.swift */; };
		01A8925D248110E7008D1A05 /* Assets.xcassets in Resources */ = {isa = PBXBuildFile; fileRef = 01A8925C248110E7008D1A05 /* Assets.xcassets */; };
		01A89260248110E7008D1A05 /* LaunchScreen.storyboard in Resources */ = {isa = PBXBuildFile; fileRef = 01A8925E248110E7008D1A05 /* LaunchScreen.storyboard */; };
		01A89268248111B5008D1A05 /* DetailViewController.swift in Sources */ = {isa = PBXBuildFile; fileRef = 01A89267248111B5008D1A05 /* DetailViewController.swift */; };
		01A8926A248111F5008D1A05 /* DemonTableViewCell.swift in Sources */ = {isa = PBXBuildFile; fileRef = 01A89269248111F5008D1A05 /* DemonTableViewCell.swift */; };
		01A8926C2481121C008D1A05 /* Description.swift in Sources */ = {isa = PBXBuildFile; fileRef = 01A8926B2481121C008D1A05 /* Description.swift */; };
		01A8926E24811248008D1A05 /* Demon.swift in Sources */ = {isa = PBXBuildFile; fileRef = 01A8926D24811248008D1A05 /* Demon.swift */; };
		01A892702481127E008D1A05 /* DemonsViewController.swift in Sources */ = {isa = PBXBuildFile; fileRef = 01A8926F2481127E008D1A05 /* DemonsViewController.swift */; };
/* End PBXBuildFile section */

/* Begin PBXFileReference section */
		01A89250248110E6008D1A05 /* Doom.app */ = {isa = PBXFileReference; explicitFileType = wrapper.application; includeInIndex = 0; path = Doom.app; sourceTree = BUILT_PRODUCTS_DIR; };
		01A89253248110E6008D1A05 /* AppDelegate.swift */ = {isa = PBXFileReference; lastKnownFileType = sourcecode.swift; path = AppDelegate.swift; sourceTree = "<group>"; };
		01A89255248110E6008D1A05 /* SceneDelegate.swift */ = {isa = PBXFileReference; lastKnownFileType = sourcecode.swift; path = SceneDelegate.swift; sourceTree = "<group>"; };
		01A8925C248110E7008D1A05 /* Assets.xcassets */ = {isa = PBXFileReference; lastKnownFileType = folder.assetcatalog; path = Assets.xcassets; sourceTree = "<group>"; };
		01A8925F248110E7008D1A05 /* Base */ = {isa = PBXFileReference; lastKnownFileType = file.storyboard; name = Base; path = Base.lproj/LaunchScreen.storyboard; sourceTree = "<group>"; };
		01A89261248110E7008D1A05 /* Info.plist */ = {isa = PBXFileReference; lastKnownFileType = text.plist.xml; path = Info.plist; sourceTree = "<group>"; };
		01A89267248111B5008D1A05 /* DetailViewController.swift */ = {isa = PBXFileReference; lastKnownFileType = sourcecode.swift; path = DetailViewController.swift; sourceTree = "<group>"; };
		01A89269248111F5008D1A05 /* DemonTableViewCell.swift */ = {isa = PBXFileReference; lastKnownFileType = sourcecode.swift; path = DemonTableViewCell.swift; sourceTree = "<group>"; };
		01A8926B2481121C008D1A05 /* Description.swift */ = {isa = PBXFileReference; lastKnownFileType = sourcecode.swift; path = Description.swift; sourceTree = "<group>"; };
		01A8926D24811248008D1A05 /* Demon.swift */ = {isa = PBXFileReference; lastKnownFileType = sourcecode.swift; path = Demon.swift; sourceTree = "<group>"; };
		01A8926F2481127E008D1A05 /* DemonsViewController.swift */ = {isa = PBXFileReference; lastKnownFileType = sourcecode.swift; path = DemonsViewController.swift; sourceTree = "<group>"; };
/* End PBXFileReference section */

/* Begin PBXFrameworksBuildPhase section */
		01A8924D248110E6008D1A05 /* Frameworks */ = {
			isa = PBXFrameworksBuildPhase;
			buildActionMask = 2147483647;
			files = (
			);
			runOnlyForDeploymentPostprocessing = 0;
		};
/* End PBXFrameworksBuildPhase section */

/* Begin PBXGroup section */
		01A89247248110E6008D1A05 = {
			isa = PBXGroup;
			children = (
				01A89252248110E6008D1A05 /* Doom */,
				01A89251248110E6008D1A05 /* Products */,
			);
			sourceTree = "<group>";
		};
		01A89251248110E6008D1A05 /* Products */ = {
			isa = PBXGroup;
			children = (
				01A89250248110E6008D1A05 /* Doom.app */,
			);
			name = Products;
			sourceTree = "<group>";
		};
		01A89252248110E6008D1A05 /* Doom */ = {
			isa = PBXGroup;
			children = (
				01A8926F2481127E008D1A05 /* DemonsViewController.swift */,
				01A89267248111B5008D1A05 /* DetailViewController.swift */,
				01A89269248111F5008D1A05 /* DemonTableViewCell.swift */,
				01A8926D24811248008D1A05 /* Demon.swift */,
				01A8926B2481121C008D1A05 /* Description.swift */,
				01A89253248110E6008D1A05 /* AppDelegate.swift */,
				01A89255248110E6008D1A05 /* SceneDelegate.swift */,
				01A8925C248110E7008D1A05 /* Assets.xcassets */,
				01A8925E248110E7008D1A05 /* LaunchScreen.storyboard */,
				01A89261248110E7008D1A05 /* Info.plist */,
			);
			path = Doom;
			sourceTree = "<group>";
		};
/* End PBXGroup section */

/* Begin PBXNativeTarget section */
		01A8924F248110E6008D1A05 /* Doom */ = {
			isa = PBXNativeTarget;
			buildConfigurationList = 01A89264248110E7008D1A05 /* Build configuration list for PBXNativeTarget "Doom" */;
			buildPhases = (
				01A8924C248110E6008D1A05 /* Sources */,
				01A8924D248110E6008D1A05 /* Frameworks */,
				01A8924E248110E6008D1A05 /* Resources */,
			);
			buildRules = (
			);
			dependencies = (
			);
			name = Doom;
			productName = Doom;
			productReference = 01A89250248110E6008D1A05 /* Doom.app */;
			productType = "com.apple.product-type.application";
		};
/* End PBXNativeTarget section */

/* Begin PBXProject section */
		01A89248248110E6008D1A05 /* Project object */ = {
			isa = PBXProject;
			attributes = {
				LastSwiftUpdateCheck = 1140;
				LastUpgradeCheck = 1140;
				ORGANIZATIONNAME = "Nick Ivanov";
				TargetAttributes = {
					01A8924F248110E6008D1A05 = {
						CreatedOnToolsVersion = 11.4.1;
					};
				};
			};
			buildConfigurationList = 01A8924B248110E6008D1A05 /* Build configuration list for PBXProject "Doom" */;
			compatibilityVersion = "Xcode 9.3";
			developmentRegion = en;
			hasScannedForEncodings = 0;
			knownRegions = (
				en,
				Base,
			);
			mainGroup = 01A89247248110E6008D1A05;
			productRefGroup = 01A89251248110E6008D1A05 /* Products */;
			projectDirPath = "";
			projectRoot = "";
			targets = (
				01A8924F248110E6008D1A05 /* Doom */,
			);
		};
/* End PBXProject section */

/* Begin PBXResourcesBuildPhase section */
		01A8924E248110E6008D1A05 /* Resources */ = {
			isa = PBXResourcesBuildPhase;
			buildActionMask = 2147483647;
			files = (
				01A89260248110E7008D1A05 /* LaunchScreen.storyboard in Resources */,
				01A8925D248110E7008D1A05 /* Assets.xcassets in Resources */,
			);
			runOnlyForDeploymentPostprocessing = 0;
		};
/* End PBXResourcesBuildPhase section */

/* Begin PBXSourcesBuildPhase section */
		01A8924C248110E6008D1A05 /* Sources */ = {
			isa = PBXSourcesBuildPhase;
			buildActionMask = 2147483647;
			files = (
				01A8926C2481121C008D1A05 /* Description.swift in Sources */,
				01A8926E24811248008D1A05 /* Demon.swift in Sources */,
				01A89254248110E6008D1A05 /* AppDelegate.swift in Sources */,
				01A89256248110E6008D1A05 /* SceneDelegate.swift in Sources */,
				01A89268248111B5008D1A05 /* DetailViewController.swift in Sources */,
				01A8926A248111F5008D1A05 /* DemonTableViewCell.swift in Sources */,
				01A892702481127E008D1A05 /* DemonsViewController.swift in Sources */,
			);
			runOnlyForDeploymentPostprocessing = 0;
		};
/* End PBXSourcesBuildPhase section */

/* Begin PBXVariantGroup section */
		01A8925E248110E7008D1A05 /* LaunchScreen.storyboard */ = {
			isa = PBXVariantGroup;
			children = (
				01A8925F248110E7008D1A05 /* Base */,
			);
			name = LaunchScreen.storyboard;
			sourceTree = "<group>";
		};
/* End PBXVariantGroup section */

/* Begin XCBuildConfiguration section */
		01A89262248110E7008D1A05 /* Debug */ = {
			isa = XCBuildConfiguration;
			buildSettings = {
				ALWAYS_SEARCH_USER_PATHS = NO;
				CLANG_ANALYZER_NONNULL = YES;
				CLANG_ANALYZER_NUMBER_OBJECT_CONVERSION = YES_AGGRESSIVE;
				CLANG_CXX_LANGUAGE_STANDARD = "gnu++14";
				CLANG_CXX_LIBRARY = "libc++";
				CLANG_ENABLE_MODULES = YES;
				CLANG_ENABLE_OBJC_ARC = YES;
				CLANG_ENABLE_OBJC_WEAK = YES;
				CLANG_WARN_BLOCK_CAPTURE_AUTORELEASING = YES;
				CLANG_WARN_BOOL_CONVERSION = YES;
				CLANG_WARN_COMMA = YES;
				CLANG_WARN_CONSTANT_CONVERSION = YES;
				CLANG_WARN_DEPRECATED_OBJC_IMPLEMENTATIONS = YES;
				CLANG_WARN_DIRECT_OBJC_ISA_USAGE = YES_ERROR;
				CLANG_WARN_DOCUMENTATION_COMMENTS = YES;
				CLANG_WARN_EMPTY_BODY = YES;
				CLANG_WARN_ENUM_CONVERSION = YES;
				CLANG_WARN_INFINITE_RECURSION = YES;
				CLANG_WARN_INT_CONVERSION = YES;
				CLANG_WARN_NON_LITERAL_NULL_CONVERSION = YES;
				CLANG_WARN_OBJC_IMPLICIT_RETAIN_SELF = YES;
				CLANG_WARN_OBJC_LITERAL_CONVERSION = YES;
				CLANG_WARN_OBJC_ROOT_CLASS = YES_ERROR;
				CLANG_WARN_RANGE_LOOP_ANALYSIS = YES;
				CLANG_WARN_STRICT_PROTOTYPES = YES;
				CLANG_WARN_SUSPICIOUS_MOVE = YES;
				CLANG_WARN_UNGUARDED_AVAILABILITY = YES_AGGRESSIVE;
				CLANG_WARN_UNREACHABLE_CODE = YES;
				CLANG_WARN__DUPLICATE_METHOD_MATCH = YES;
				COPY_PHASE_STRIP = NO;
				DEBUG_INFORMATION_FORMAT = dwarf;
				ENABLE_STRICT_OBJC_MSGSEND = YES;
				ENABLE_TESTABILITY = YES;
				GCC_C_LANGUAGE_STANDARD = gnu11;
				GCC_DYNAMIC_NO_PIC = NO;
				GCC_NO_COMMON_BLOCKS = YES;
				GCC_OPTIMIZATION_LEVEL = 0;
				GCC_PREPROCESSOR_DEFINITIONS = (
					"DEBUG=1",
					"$(inherited)",
				);
				GCC_WARN_64_TO_32_BIT_CONVERSION = YES;
				GCC_WARN_ABOUT_RETURN_TYPE = YES_ERROR;
				GCC_WARN_UNDECLARED_SELECTOR = YES;
				GCC_WARN_UNINITIALIZED_AUTOS = YES_AGGRESSIVE;
				GCC_WARN_UNUSED_FUNCTION = YES;
				GCC_WARN_UNUSED_VARIABLE = YES;
				IPHONEOS_DEPLOYMENT_TARGET = 13.4;
				MTL_ENABLE_DEBUG_INFO = INCLUDE_SOURCE;
				MTL_FAST_MATH = YES;
				ONLY_ACTIVE_ARCH = YES;
				SDKROOT = iphoneos;
				SWIFT_ACTIVE_COMPILATION_CONDITIONS = DEBUG;
				SWIFT_OPTIMIZATION_LEVEL = "-Onone";
			};
			name = Debug;
		};
		01A89263248110E7008D1A05 /* Release */ = {
			isa = XCBuildConfiguration;
			buildSettings = {
				ALWAYS_SEARCH_USER_PATHS = NO;
				CLANG_ANALYZER_NONNULL = YES;
				CLANG_ANALYZER_NUMBER_OBJECT_CONVERSION = YES_AGGRESSIVE;
				CLANG_CXX_LANGUAGE_STANDARD = "gnu++14";
				CLANG_CXX_LIBRARY = "libc++";
				CLANG_ENABLE_MODULES = YES;
				CLANG_ENABLE_OBJC_ARC = YES;
				CLANG_ENABLE_OBJC_WEAK = YES;
				CLANG_WARN_BLOCK_CAPTURE_AUTORELEASING = YES;
				CLANG_WARN_BOOL_CONVERSION = YES;
				CLANG_WARN_COMMA = YES;
				CLANG_WARN_CONSTANT_CONVERSION = YES;
				CLANG_WARN_DEPRECATED_OBJC_IMPLEMENTATIONS = YES;
				CLANG_WARN_DIRECT_OBJC_ISA_USAGE = YES_ERROR;
				CLANG_WARN_DOCUMENTATION_COMMENTS = YES;
				CLANG_WARN_EMPTY_BODY = YES;
				CLANG_WARN_ENUM_CONVERSION = YES;
				CLANG_WARN_INFINITE_RECURSION = YES;
				CLANG_WARN_INT_CONVERSION = YES;
				CLANG_WARN_NON_LITERAL_NULL_CONVERSION = YES;
				CLANG_WARN_OBJC_IMPLICIT_RETAIN_SELF = YES;
				CLANG_WARN_OBJC_LITERAL_CONVERSION = YES;
				CLANG_WARN_OBJC_ROOT_CLASS = YES_ERROR;
				CLANG_WARN_RANGE_LOOP_ANALYSIS = YES;
				CLANG_WARN_STRICT_PROTOTYPES = YES;
				CLANG_WARN_SUSPICIOUS_MOVE = YES;
				CLANG_WARN_UNGUARDED_AVAILABILITY = YES_AGGRESSIVE;
				CLANG_WARN_UNREACHABLE_CODE = YES;
				CLANG_WARN__DUPLICATE_METHOD_MATCH = YES;
				COPY_PHASE_STRIP = NO;
				DEBUG_INFORMATION_FORMAT = "dwarf-with-dsym";
				ENABLE_NS_ASSERTIONS = NO;
				ENABLE_STRICT_OBJC_MSGSEND = YES;
				GCC_C_LANGUAGE_STANDARD = gnu11;
				GCC_NO_COMMON_BLOCKS = YES;
				GCC_WARN_64_TO_32_BIT_CONVERSION = YES;
				GCC_WARN_ABOUT_RETURN_TYPE = YES_ERROR;
				GCC_WARN_UNDECLARED_SELECTOR = YES;
				GCC_WARN_UNINITIALIZED_AUTOS = YES_AGGRESSIVE;
				GCC_WARN_UNUSED_FUNCTION = YES;
				GCC_WARN_UNUSED_VARIABLE = YES;
				IPHONEOS_DEPLOYMENT_TARGET = 13.4;
				MTL_ENABLE_DEBUG_INFO = NO;
				MTL_FAST_MATH = YES;
				SDKROOT = iphoneos;
				SWIFT_COMPILATION_MODE = wholemodule;
				SWIFT_OPTIMIZATION_LEVEL = "-O";
				VALIDATE_PRODUCT = YES;
			};
			name = Release;
		};
		01A89265248110E7008D1A05 /* Debug */ = {
			isa = XCBuildConfiguration;
			buildSettings = {
				ASSETCATALOG_COMPILER_APPICON_NAME = AppIcon;
				CODE_SIGN_STYLE = Automatic;
				INFOPLIST_FILE = Doom/Info.plist;
				LD_RUNPATH_SEARCH_PATHS = (
					"$(inherited)",
					"@executable_path/Frameworks",
				);
				PRODUCT_BUNDLE_IDENTIFIER = Nick.Doom;
				PRODUCT_NAME = "$(TARGET_NAME)";
				SWIFT_VERSION = 5.0;
				TARGETED_DEVICE_FAMILY = 1;
			};
			name = Debug;
		};
		01A89266248110E7008D1A05 /* Release */ = {
			isa = XCBuildConfiguration;
			buildSettings = {
				ASSETCATALOG_COMPILER_APPICON_NAME = AppIcon;
				CODE_SIGN_STYLE = Automatic;
				INFOPLIST_FILE = Doom/Info.plist;
				LD_RUNPATH_SEARCH_PATHS = (
					"$(inherited)",
					"@executable_path/Frameworks",
				);
				PRODUCT_BUNDLE_IDENTIFIER = Nick.Doom;
				PRODUCT_NAME = "$(TARGET_NAME)";
				SWIFT_VERSION = 5.0;
				TARGETED_DEVICE_FAMILY = 1;
			};
			name = Release;
		};
/* End XCBuildConfiguration section */

/* Begin XCConfigurationList section */
		01A8924B248110E6008D1A05 /* Build configuration list for PBXProject "Doom" */ = {
			isa = XCConfigurationList;
			buildConfigurations = (
				01A89262248110E7008D1A05 /* Debug */,
				01A89263248110E7008D1A05 /* Release */,
			);
			defaultConfigurationIsVisible = 0;
			defaultConfigurationName = Release;
		};
		01A89264248110E7008D1A05 /* Build configuration list for PBXNativeTarget "Doom" */ = {
			isa = XCConfigurationList;
			buildConfigurations = (
				01A89265248110E7008D1A05 /* Debug */,
				01A89266248110E7008D1A05 /* Release */,
			);
			defaultConfigurationIsVisible = 0;
			defaultConfigurationName = Release;
		};
/* End XCConfigurationList section */
	};
	rootObject = 01A89248248110E6008D1A05 /* Project object */;
}
